{
  "name": "back",
  "version": "1.0.0",
  "lockfileVersion": 2,
  "requires": true,
  "packages": {
    "": {
      "name": "back",
      "version": "1.0.0",
      "license": "ISC",
      "dependencies": {
        "node-osc": "^6.1.16"
      }
    },
    "node_modules/binpack": {
      "version": "0.1.0",
      "resolved": "https://registry.npmjs.org/binpack/-/binpack-0.1.0.tgz",
      "integrity": "sha1-vT0JdMPyoERuF99PYLVacqIFqX4="
    },
    "node_modules/node-osc": {
      "version": "6.1.16",
      "resolved": "https://registry.npmjs.org/node-osc/-/node-osc-6.1.16.tgz",
      "integrity": "sha512-BXLrzIz3dd21fMWJZvyHYIxnAI5fG8TDKZLIEkMR4ic+zne0seuvTlvIkE3NK0nUeynjvxq9BStSIi4mUeU5yg==",
      "dependencies": {
        "osc-min": "^1.1.1"
      },
      "engines": {
        "node": "^12.22 || ^14.13 || >=16"
      }
    },
    "node_modules/osc-min": {
      "version": "1.1.2",
      "resolved": "https://registry.npmjs.org/osc-min/-/osc-min-1.1.2.tgz",
      "integrity": "sha512-8DbiO8ME85R75stgNVCZtHxB9MNBBNcyy+isNBXrsFeinXGjwNAauvKVmGlfRas5VJWC/mhzIx7spR2gFvWxvg==",
      "dependencies": {
        "binpack": "~0"
      },
      "engines": {
        "node": ">=0.10.0"
      }
    }
  },
  "dependencies": {
    "binpack": {
      "version": "0.1.0",
      "resolved": "https://registry.npmjs.org/binpack/-/binpack-0.1.0.tgz",
      "integrity": "sha1-vT0JdMPyoERuF99PYLVacqIFqX4="
    },
    "node-osc": {
      "version": "6.1.16",
      "resolved": "https://registry.npmjs.org/node-osc/-/node-osc-6.1.16.tgz",
      "integrity": "sha512-BXLrzIz3dd21fMWJZvyHYIxnAI5fG8TDKZLIEkMR4ic+zne0seuvTlvIkE3NK0nUeynjvxq9BStSIi4mUeU5yg==",
      "requires": {
        "osc-min": "^1.1.1"
      }
    },
    "osc-min": {
      "version": "1.1.2",
      "resolved": "https://registry.npmjs.org/osc-min/-/osc-min-1.1.2.tgz",
      "integrity": "sha512-8DbiO8ME85R75stgNVCZtHxB9MNBBNcyy+isNBXrsFeinXGjwNAauvKVmGlfRas5VJWC/mhzIx7spR2gFvWxvg==",
      "requires": {
        "binpack": "~0"
      }
    }
  }
}
